{
    "name": "@stackone/hub-rsbuild-sandbox",
    "version": "0.0.0",
    "lockfileVersion": 3,
    "requires": true,
    "packages": {
        "": {
            "name": "@stackone/hub-rsbuild-sandbox",
            "version": "0.0.0",
            "dependencies": {
                "@hookform/resolvers": "^5.2.2",
                "@stackone/hub": "file:../..",
                "react": "19.2.5",
                "react-dom": "19.2.5",
                "react-hook-form": "7.60.0",
                "zod": "^4.1.12"
            },
            "devDependencies": {
                "@rsbuild/core": "1.3.0",
                "@rsbuild/plugin-react": "1.1.0",
                "@types/react": "^19.0.0",
                "@types/react-dom": "^19.0.0",
                "typescript": "^5.8.3"
            }
        },
        "../..": {
            "name": "@stackone/hub",
            "version": "1.9.0",
            "license": "MIT",
            "dependencies": {
                "@stackone/expressions": "^0.16.0",
                "@stackone/malachite": "^0.25.2",
                "@tanstack/react-query": "^5.77.2",
                "use-deep-compare-effect": "^1.8.1"
            },
            "devDependencies": {
                "@biomejs/biome": "1.9.4",
                "@rollup/plugin-commonjs": "^28.0.3",
                "@rollup/plugin-node-resolve": "^16.0.1",
                "@rollup/plugin-replace": "^6.0.2",
                "@rollup/plugin-terser": "^0.4.4",
                "@rollup/plugin-typescript": "^12.1.2",
                "@types/node": "^22.15.17",
                "@types/react": "^18.3.23",
                "@types/react-dom": "^18.3.7",
                "rollup": "^4.40.2",
                "rollup-plugin-delete": "^3.0.1",
                "rollup-plugin-dts": "^6.2.1",
                "rollup-plugin-peer-deps-external": "^2.2.4",
                "rollup-plugin-postcss": "^4.0.2",
                "tslib": "^2.8.1",
                "typescript": "^5.8.3"
            },
            "peerDependencies": {
                "@hookform/resolvers": "^5.2.2",
                "react": "^18.3.1 || ^19.0.0",
                "react-dom": "^18.3.1 || ^19.0.0",
                "react-hook-form": "7.60.0",
                "zod": "^4.1.12"
            }
        },
        "node_modules/@hookform/resolvers": {
            "version": "5.4.0",
            "resolved": "https://registry.npmjs.org/@hookform/resolvers/-/resolvers-5.4.0.tgz",
            "integrity": "sha512-EIsqr/t/qbinPIhGjMdtvutIN1Kk4uwbROE9/UQ93CAVGR7GkA7Y92+fX80OzXi/OB67jVFYwKGO1WzkxmkFZw==",
            "license": "MIT",
            "dependencies": {
                "@standard-schema/utils": "^0.3.0"
            },
            "peerDependencies": {
                "react-hook-form": "^7.55.0"
            }
        },
        "node_modules/@module-federation/error-codes": {
            "version": "0.11.1",
            "resolved": "https://registry.npmjs.org/@module-federation/error-codes/-/error-codes-0.11.1.tgz",
            "integrity": "sha512-N1cs1qwrO8cU/OzfnBbr+3FaVbrJk6QEAsQ8H+YxGRrh/kHsR2BKpZCX79jTG27oDbz45FLjQ98YucMMXC24EA==",
            "dev": true,
            "license": "MIT"
        },
        "node_modules/@module-federation/runtime": {
            "version": "0.11.1",
            "resolved": "https://registry.npmjs.org/@module-federation/runtime/-/runtime-0.11.1.tgz",
            "integrity": "sha512-yxxa/TRXaNggb34N+oL82J7r9+GZ3gYTCDyGibYqtsC5j7+9oB4tmc0UyhjrGMhg+fF8TAWFZjNKo7ZnyN9LcQ==",
            "dev": true,
            "license": "MIT",
            "dependencies": {
                "@module-federation/error-codes": "0.11.1",
                "@module-federation/runtime-core": "0.11.1",
                "@module-federation/sdk": "0.11.1"
            }
        },
        "node_modules/@module-federation/runtime-core": {
            "version": "0.11.1",
            "resolved": "https://registry.npmjs.org/@module-federation/runtime-core/-/runtime-core-0.11.1.tgz",
            "integrity": "sha512-6KxLfkCl05Ey69Xg/dsjf7fPit9qGXZ0lpwaG2agiCqC3JCDxYjT7tgGvnWhTXCcztb/ThpT+bHrRD4Kw8SMhA==",
            "dev": true,
            "license": "MIT",
            "dependencies": {
                "@module-federation/error-codes": "0.11.1",
                "@module-federation/sdk": "0.11.1"
            }
        },
        "node_modules/@module-federation/runtime-tools": {
            "version": "0.11.1",
            "resolved": "https://registry.npmjs.org/@module-federation/runtime-tools/-/runtime-tools-0.11.1.tgz",
            "integrity": "sha512-8UqMbHJSdkEvKlnlXpR/OjMA77bUbhtmv0I4UO+PA1zBga4y3/St6NOjD66NTINKeWEgsCt1aepXHspduXp33w==",
            "dev": true,
            "license": "MIT",
            "dependencies": {
                "@module-federation/runtime": "0.11.1",
                "@module-federation/webpack-bundler-runtime": "0.11.1"
            }
        },
        "node_modules/@module-federation/sdk": {
            "version": "0.11.1",
            "resolved": "https://registry.npmjs.org/@module-federation/sdk/-/sdk-0.11.1.tgz",
            "integrity": "sha512-QS6zevdQYLCGF6NFf0LysMGARh+dZxMeoRKKDUW5PYi3XOk+tjJ7QsDKybfcBZBNgBJfIuwxh4Oei6WOFJEfRg==",
            "dev": true,
            "license": "MIT"
        },
        "node_modules/@module-federation/webpack-bundler-runtime": {
            "version": "0.11.1",
            "resolved": "https://registry.npmjs.org/@module-federation/webpack-bundler-runtime/-/webpack-bundler-runtime-0.11.1.tgz",
            "integrity": "sha512-XlVegGyCBBLId8Jr6USjPOFYViQ0CCtoYjHpC8y1FOGtuXLGrvnEdFcl4XHlFlp3MY3Rxhr8QigrdZhYe5bRWg==",
            "dev": true,
            "license": "MIT",
            "dependencies": {
                "@module-federation/runtime": "0.11.1",
                "@module-federation/sdk": "0.11.1"
            }
        },
        "node_modules/@rsbuild/core": {
            "version": "1.3.0",
            "resolved": "https://registry.npmjs.org/@rsbuild/core/-/core-1.3.0.tgz",
            "integrity": "sha512-+b+qJ0lOHji6JYSsmtiz/u/KasaD5AmGHahtgWDhNQ4dqCl2lqyn9hta2FeK7ic0Gb3RDItMpOpHreC4+WJ8xA==",
            "dev": true,
            "license": "MIT",
            "dependencies": {
                "@rspack/core": "1.3.0",
                "@rspack/lite-tapable": "~1.0.1",
                "@swc/helpers": "^0.5.15",
                "core-js": "~3.41.0",
                "jiti": "^2.4.2"
            },
            "bin": {
                "rsbuild": "bin/rsbuild.js"
            },
            "engines": {
                "node": ">=16.7.0"
            }
        },
        "node_modules/@rsbuild/plugin-react": {
            "version": "1.1.0",
            "resolved": "https://registry.npmjs.org/@rsbuild/plugin-react/-/plugin-react-1.1.0.tgz",
            "integrity": "sha512-uqdRoV2V91G1XIA14dAmxqYTlTDVf0ktpE7TgwG29oQ2j+DerF1kh29WPHK9HvGE34JTfaBrsme2Zmb6bGD0cw==",
            "dev": true,
            "license": "MIT",
            "dependencies": {
                "@rspack/plugin-react-refresh": "~1.0.0",
                "react-refresh": "^0.16.0"
            },
            "peerDependencies": {
                "@rsbuild/core": "1.x"
            }
        },
        "node_modules/@rspack/binding": {
            "version": "1.3.0",
            "resolved": "https://registry.npmjs.org/@rspack/binding/-/binding-1.3.0.tgz",
            "integrity": "sha512-MqXxbU5ei/xem+Ier48x0/IfJSpfBVbmB/FlziM59wF+mP8DYsMskr7sapN5YfeBhcfelKOtr9hERXRv/p1k2Q==",
            "dev": true,
            "license": "MIT",
            "optionalDependencies": {
                "@rspack/binding-darwin-arm64": "1.3.0",
                "@rspack/binding-darwin-x64": "1.3.0",
                "@rspack/binding-linux-arm64-gnu": "1.3.0",
                "@rspack/binding-linux-arm64-musl": "1.3.0",
                "@rspack/binding-linux-x64-gnu": "1.3.0",
                "@rspack/binding-linux-x64-musl": "1.3.0",
                "@rspack/binding-win32-arm64-msvc": "1.3.0",
                "@rspack/binding-win32-ia32-msvc": "1.3.0",
                "@rspack/binding-win32-x64-msvc": "1.3.0"
            }
        },
        "node_modules/@rspack/binding-darwin-arm64": {
            "version": "1.3.0",
            "resolved": "https://registry.npmjs.org/@rspack/binding-darwin-arm64/-/binding-darwin-arm64-1.3.0.tgz",
            "integrity": "sha512-AexGJ+PBTIURvXzMG/aQILTCB+D5HocmwWLw5jNq1DFVpgb7GX+3ZW3s2MBa8K+3JNeNgRiGcHyYcSV0l1dIfQ==",
            "cpu": [
                "arm64"
            ],
            "dev": true,
            "license": "MIT",
            "optional": true,
            "os": [
                "darwin"
            ]
        },
        "node_modules/@rspack/binding-darwin-x64": {
            "version": "1.3.0",
            "resolved": "https://registry.npmjs.org/@rspack/binding-darwin-x64/-/binding-darwin-x64-1.3.0.tgz",
            "integrity": "sha512-LPzsI2VVwhn9Y88BOE4a0lICH4Jp3zLpNzJjDwMeDANJJ6MLmGbEBAxxRxo0adPG2sWhW7/RKU+ISVhu09aZtw==",
            "cpu": [
                "x64"
            ],
            "dev": true,
            "license": "MIT",
            "optional": true,
            "os": [
                "darwin"
            ]
        },
        "node_modules/@rspack/binding-linux-arm64-gnu": {
            "version": "1.3.0",
            "resolved": "https://registry.npmjs.org/@rspack/binding-linux-arm64-gnu/-/binding-linux-arm64-gnu-1.3.0.tgz",
            "integrity": "sha512-acj5ikpIvkjy1sEV818RL+tK+EYvj1/g0jBqfttuCdczMMDzb1ciGEOHIuqONCMNdoCpieYnGt65rRwSS7NVHQ==",
            "cpu": [
                "arm64"
            ],
            "dev": true,
            "license": "MIT",
            "optional": true,
            "os": [
                "linux"
            ]
        },
        "node_modules/@rspack/binding-linux-arm64-musl": {
            "version": "1.3.0",
            "resolved": "https://registry.npmjs.org/@rspack/binding-linux-arm64-musl/-/binding-linux-arm64-musl-1.3.0.tgz",
            "integrity": "sha512-8BVoZTmxreQXSoSfUObydaVjVxYUReTZMpdmLTaewBs2KaoZEC8RvddLbEupiLie23Wwz02WDAiSUG1+zuCi5Q==",
            "cpu": [
                "arm64"
            ],
            "dev": true,
            "license": "MIT",
            "optional": true,
            "os": [
                "linux"
            ]
        },
        "node_modules/@rspack/binding-linux-x64-gnu": {
            "version": "1.3.0",
            "resolved": "https://registry.npmjs.org/@rspack/binding-linux-x64-gnu/-/binding-linux-x64-gnu-1.3.0.tgz",
            "integrity": "sha512-8QC553EczUmeVtr5Dqc+TocStYoKHbT6CFRb52sqaLOhka6r/zgchvKYmji+51gohfD5f0gtqjkb2pLWGPHE7w==",
            "cpu": [
                "x64"
            ],
            "dev": true,
            "license": "MIT",
            "optional": true,
            "os": [
                "linux"
            ]
        },
        "node_modules/@rspack/binding-linux-x64-musl": {
            "version": "1.3.0",
            "resolved": "https://registry.npmjs.org/@rspack/binding-linux-x64-musl/-/binding-linux-x64-musl-1.3.0.tgz",
            "integrity": "sha512-Zi4vUONm94iN5oO6k8yc7a7AP4H24qesG8J4wNnByZIcSuhFeXhQbkEF+45BY/Kw4HB5K2gU/Oqd+kVlRwqIuQ==",
            "cpu": [
                "x64"
            ],
            "dev": true,
            "license": "MIT",
            "optional": true,
            "os": [
                "linux"
            ]
        },
        "node_modules/@rspack/binding-win32-arm64-msvc": {
            "version": "1.3.0",
            "resolved": "https://registry.npmjs.org/@rspack/binding-win32-arm64-msvc/-/binding-win32-arm64-msvc-1.3.0.tgz",
            "integrity": "sha512-H6Q3WgLxkHFxxdasQ1MtlbWesyLGT+lr6gMW7Hc3nIl5QOJEcLvwF8OBOR8Di092uvDOyIRSwkUtnkI/tQV8UA==",
            "cpu": [
                "arm64"
            ],
            "dev": true,
            "license": "MIT",
            "optional": true,
            "os": [
                "win32"
            ]
        },
        "node_modules/@rspack/binding-win32-ia32-msvc": {
            "version": "1.3.0",
            "resolved": "https://registry.npmjs.org/@rspack/binding-win32-ia32-msvc/-/binding-win32-ia32-msvc-1.3.0.tgz",
            "integrity": "sha512-oQEtxVylcKLNFPlzegPkyuBwXg8bKMD4FGrUOwE7Tp/NtI42uhD9kIY+W/U4tLFhIz1bGApdYRdJH71Kl+jBpw==",
            "cpu": [
                "ia32"
            ],
            "dev": true,
            "license": "MIT",
            "optional": true,
            "os": [
                "win32"
            ]
        },
        "node_modules/@rspack/binding-win32-x64-msvc": {
            "version": "1.3.0",
            "resolved": "https://registry.npmjs.org/@rspack/binding-win32-x64-msvc/-/binding-win32-x64-msvc-1.3.0.tgz",
            "integrity": "sha512-vND1d0sAbEfYjkW2H9eOfgO49dYFPTbkN4M7va+SSOI+Gqa4zMqHNg1kcoC5jWEvek6RFSheD1100RiJliLPBg==",
            "cpu": [
                "x64"
            ],
            "dev": true,
            "license": "MIT",
            "optional": true,
            "os": [
                "win32"
            ]
        },
        "node_modules/@rspack/core": {
            "version": "1.3.0",
            "resolved": "https://registry.npmjs.org/@rspack/core/-/core-1.3.0.tgz",
            "integrity": "sha512-7WZdw8EaEy/TlySn46Xgg9qMPoZBA4uTQR+nxgomAA0u9s/31VYFDpPsLIc/uT8OGemGU2kydgAgu9A6Gyp0GQ==",
            "dev": true,
            "license": "MIT",
            "dependencies": {
                "@module-federation/runtime-tools": "0.11.1",
                "@rspack/binding": "1.3.0",
                "@rspack/lite-tapable": "1.0.1",
                "caniuse-lite": "^1.0.30001706"
            },
            "engines": {
                "node": ">=16.0.0"
            },
            "peerDependencies": {
                "@rspack/tracing": "^1.x",
                "@swc/helpers": ">=0.5.1"
            },
            "peerDependenciesMeta": {
                "@rspack/tracing": {
                    "optional": true
                },
                "@swc/helpers": {
                    "optional": true
                }
            }
        },
        "node_modules/@rspack/lite-tapable": {
            "version": "1.0.1",
            "resolved": "https://registry.npmjs.org/@rspack/lite-tapable/-/lite-tapable-1.0.1.tgz",
            "integrity": "sha512-VynGOEsVw2s8TAlLf/uESfrgfrq2+rcXB1muPJYBWbsm1Oa6r5qVQhjA5ggM6z/coYPrsVMgovl3Ff7Q7OCp1w==",
            "dev": true,
            "license": "MIT",
            "engines": {
                "node": ">=16.0.0"
            }
        },
        "node_modules/@rspack/plugin-react-refresh": {
            "version": "1.0.3",
            "resolved": "https://registry.npmjs.org/@rspack/plugin-react-refresh/-/plugin-react-refresh-1.0.3.tgz",
            "integrity": "sha512-gGK197oIZaPFOTYZkWHZMWRdDlu03zIA3zcYuTKn5Ru6FyuQQu3KjprwDORTcYNHXZw188Exh3uhplM/d2ltIQ==",
            "dev": true,
            "license": "MIT",
            "dependencies": {
                "error-stack-parser": "^2.1.4",
                "html-entities": "^2.5.2"
            },
            "peerDependencies": {
                "react-refresh": ">=0.10.0 <1.0.0",
                "webpack-hot-middleware": "2.x"
            },
            "peerDependenciesMeta": {
                "webpack-hot-middleware": {
                    "optional": true
                }
            }
        },
        "node_modules/@stackone/hub": {
            "resolved": "../..",
            "link": true
        },
        "node_modules/@standard-schema/utils": {
            "version": "0.3.0",
            "resolved": "https://registry.npmjs.org/@standard-schema/utils/-/utils-0.3.0.tgz",
            "integrity": "sha512-e7Mew686owMaPJVNNLs55PUvgz371nKgwsc4vxE49zsODpJEnxgxRo2y/OKrqueavXgZNMDVj3DdHFlaSAeU8g==",
            "license": "MIT"
        },
        "node_modules/@swc/helpers": {
            "version": "0.5.23",
            "resolved": "https://registry.npmjs.org/@swc/helpers/-/helpers-0.5.23.tgz",
            "integrity": "sha512-5lSsMOTXURePglDfvuAQUqkGek9Hg2kksOYay2m0+XR++b2NWYL/4sWyuvVBIs8oKnJaxkdi9whaL/sqN13afw==",
            "dev": true,
            "license": "Apache-2.0",
            "dependencies": {
                "tslib": "^2.8.0"
            }
        },
        "node_modules/@types/react": {
            "version": "19.2.15",
            "resolved": "https://registry.npmjs.org/@types/react/-/react-19.2.15.tgz",
            "integrity": "sha512-eRwcGNHve+E8qtEQSSRl6urh+rFop4v8gm6O8rGv25CodbvFdLjA1vVQ1KkiFE0w0UPOnb8tDiFKL5lp0rtY5Q==",
            "dev": true,
            "license": "MIT",
            "dependencies": {
                "csstype": "^3.2.2"
            }
        },
        "node_modules/@types/react-dom": {
            "version": "19.2.3",
            "resolved": "https://registry.npmjs.org/@types/react-dom/-/react-dom-19.2.3.tgz",
            "integrity": "sha512-jp2L/eY6fn+KgVVQAOqYItbF0VY/YApe5Mz2F0aykSO8gx31bYCZyvSeYxCHKvzHG5eZjc+zyaS5BrBWya2+kQ==",
            "dev": true,
            "license": "MIT",
            "peerDependencies": {
                "@types/react": "^19.2.0"
            }
        },
        "node_modules/caniuse-lite": {
            "version": "1.0.30001793",
            "resolved": "https://registry.npmjs.org/caniuse-lite/-/caniuse-lite-1.0.30001793.tgz",
            "integrity": "sha512-iwSsYWaCOoh26cV8NwNRViHlrfUvYsHDfRVcbtmw0Kg6PJIZZXwMkj1442FYLBGkeUf1juAsU3DTfxW579mrPA==",
            "dev": true,
            "funding": [
                {
                    "type": "opencollective",
                    "url": "https://opencollective.com/browserslist"
                },
                {
                    "type": "tidelift",
                    "url": "https://tidelift.com/funding/github/npm/caniuse-lite"
                },
                {
                    "type": "github",
                    "url": "https://github.com/sponsors/ai"
                }
            ],
            "license": "CC-BY-4.0"
        },
        "node_modules/core-js": {
            "version": "3.41.0",
            "resolved": "https://registry.npmjs.org/core-js/-/core-js-3.41.0.tgz",
            "integrity": "sha512-SJ4/EHwS36QMJd6h/Rg+GyR4A5xE0FSI3eZ+iBVpfqf1x0eTSg1smWLHrA+2jQThZSh97fmSgFSU8B61nxosxA==",
            "dev": true,
            "hasInstallScript": true,
            "license": "MIT",
            "funding": {
                "type": "opencollective",
                "url": "https://opencollective.com/core-js"
            }
        },
        "node_modules/csstype": {
            "version": "3.2.3",
            "resolved": "https://registry.npmjs.org/csstype/-/csstype-3.2.3.tgz",
            "integrity": "sha512-z1HGKcYy2xA8AGQfwrn0PAy+PB7X/GSj3UVJW9qKyn43xWa+gl5nXmU4qqLMRzWVLFC8KusUX8T/0kCiOYpAIQ==",
            "dev": true,
            "license": "MIT"
        },
        "node_modules/error-stack-parser": {
            "version": "2.1.4",
            "resolved": "https://registry.npmjs.org/error-stack-parser/-/error-stack-parser-2.1.4.tgz",
            "integrity": "sha512-Sk5V6wVazPhq5MhpO+AUxJn5x7XSXGl1R93Vn7i+zS15KDVxQijejNCrz8340/2bgLBjR9GtEG8ZVKONDjcqGQ==",
            "dev": true,
            "license": "MIT",
            "dependencies": {
                "stackframe": "^1.3.4"
            }
        },
        "node_modules/html-entities": {
            "version": "2.6.0",
            "resolved": "https://registry.npmjs.org/html-entities/-/html-entities-2.6.0.tgz",
            "integrity": "sha512-kig+rMn/QOVRvr7c86gQ8lWXq+Hkv6CbAH1hLu+RG338StTpE8Z0b44SDVaqVu7HGKf27frdmUYEs9hTUX/cLQ==",
            "dev": true,
            "funding": [
                {
                    "type": "github",
                    "url": "https://github.com/sponsors/mdevils"
                },
                {
                    "type": "patreon",
                    "url": "https://patreon.com/mdevils"
                }
            ],
            "license": "MIT"
        },
        "node_modules/jiti": {
            "version": "2.7.0",
            "resolved": "https://registry.npmjs.org/jiti/-/jiti-2.7.0.tgz",
            "integrity": "sha512-AC/7JofJvZGrrneWNaEnJeOLUx+JlGt7tNa0wZiRPT4MY1wmfKjt2+6O2p2uz2+skll8OZZmJMNqeke7kKbNgQ==",
            "dev": true,
            "license": "MIT",
            "bin": {
                "jiti": "lib/jiti-cli.mjs"
            }
        },
        "node_modules/react": {
            "version": "19.2.5",
            "resolved": "https://registry.npmjs.org/react/-/react-19.2.5.tgz",
            "integrity": "sha512-llUJLzz1zTUBrskt2pwZgLq59AemifIftw4aB7JxOqf1HY2FDaGDxgwpAPVzHU1kdWabH7FauP4i1oEeer2WCA==",
            "license": "MIT",
            "engines": {
                "node": ">=0.10.0"
            }
        },
        "node_modules/react-dom": {
            "version": "19.2.5",
            "resolved": "https://registry.npmjs.org/react-dom/-/react-dom-19.2.5.tgz",
            "integrity": "sha512-J5bAZz+DXMMwW/wV3xzKke59Af6CHY7G4uYLN1OvBcKEsWOs4pQExj86BBKamxl/Ik5bx9whOrvBlSDfWzgSag==",
            "license": "MIT",
            "dependencies": {
                "scheduler": "^0.27.0"
            },
            "peerDependencies": {
                "react": "^19.2.5"
            }
        },
        "node_modules/react-hook-form": {
            "version": "7.60.0",
            "resolved": "https://registry.npmjs.org/react-hook-form/-/react-hook-form-7.60.0.tgz",
            "integrity": "sha512-SBrYOvMbDB7cV8ZfNpaiLcgjH/a1c7aK0lK+aNigpf4xWLO8q+o4tcvVurv3c4EOyzn/3dCsYt4GKD42VvJ/+A==",
            "license": "MIT",
            "engines": {
                "node": ">=18.0.0"
            },
            "funding": {
                "type": "opencollective",
                "url": "https://opencollective.com/react-hook-form"
            },
            "peerDependencies": {
                "react": "^16.8.0 || ^17 || ^18 || ^19"
            }
        },
        "node_modules/react-refresh": {
            "version": "0.16.0",
            "resolved": "https://registry.npmjs.org/react-refresh/-/react-refresh-0.16.0.tgz",
            "integrity": "sha512-FPvF2XxTSikpJxcr+bHut2H4gJ17+18Uy20D5/F+SKzFap62R3cM5wH6b8WN3LyGSYeQilLEcJcR1fjBSI2S1A==",
            "dev": true,
            "license": "MIT",
            "engines": {
                "node": ">=0.10.0"
            }
        },
        "node_modules/scheduler": {
            "version": "0.27.0",
            "resolved": "https://registry.npmjs.org/scheduler/-/scheduler-0.27.0.tgz",
            "integrity": "sha512-eNv+WrVbKu1f3vbYJT/xtiF5syA5HPIMtf9IgY/nKg0sWqzAUEvqY/xm7OcZc/qafLx/iO9FgOmeSAp4v5ti/Q==",
            "license": "MIT"
        },
        "node_modules/stackframe": {
            "version": "1.3.4",
            "resolved": "https://registry.npmjs.org/stackframe/-/stackframe-1.3.4.tgz",
            "integrity": "sha512-oeVtt7eWQS+Na6F//S4kJ2K2VbRlS9D43mAlMyVpVWovy9o+jfgH8O9agzANzaiLjclA0oYzUXEM4PurhSUChw==",
            "dev": true,
            "license": "MIT"
        },
        "node_modules/tslib": {
            "version": "2.8.1",
            "resolved": "https://registry.npmjs.org/tslib/-/tslib-2.8.1.tgz",
            "integrity": "sha512-oJFu94HQb+KVduSUQL7wnpmqnfmLsOA/nAh6b6EH0wCEoK0/mPeXU6c3wKDV83MkOuHPRHtSXKKU99IBazS/2w==",
            "dev": true,
            "license": "0BSD"
        },
        "node_modules/typescript": {
            "version": "5.9.3",
            "resolved": "https://registry.npmjs.org/typescript/-/typescript-5.9.3.tgz",
            "integrity": "sha512-jl1vZzPDinLr9eUt3J/t7V6FgNEw9QjvBPdysz9KfQDD41fQrC2Y4vKQdiaUpFT4bXlb1RHhLpp8wtm6M5TgSw==",
            "dev": true,
            "license": "Apache-2.0",
            "bin": {
                "tsc": "bin/tsc",
                "tsserver": "bin/tsserver"
            },
            "engines": {
                "node": ">=14.17"
            }
        },
        "node_modules/zod": {
            "version": "4.4.3",
            "resolved": "https://registry.npmjs.org/zod/-/zod-4.4.3.tgz",
            "integrity": "sha512-ytENFjIJFl2UwYglde2jchW2Hwm4GJFLDiSXWdTrJQBIN9Fcyp7n4DhxJEiWNAJMV1/BqWfW/kkg71UDcHJyTQ==",
            "license": "MIT",
            "funding": {
                "url": "https://github.com/sponsors/colinhacks"
            }
        }
    }
}
